{
  "name": "untitled5",
  "lockfileVersion": 2,
  "requires": true,
  "packages": {
    "": {
      "dependencies": {
        "artyom": "^0.0.1-security"
      }
    },
    "node_modules/artyom": {
      "version": "0.0.1-security",
      "resolved": "https://registry.npmjs.org/artyom/-/artyom-0.0.1-security.tgz",
      "integrity": "sha512-aieatcNeWIkd+r2CWNdmNLc8iBYbEDrBI8CBr5+xGD9OfNRL36DsDYgS17eNuBDLhF6la3NpJT6W+rVLsJxE5A=="
    }
  },
  "dependencies": {
    "artyom": {
      "version": "0.0.1-security",
      "resolved": "https://registry.npmjs.org/artyom/-/artyom-0.0.1-security.tgz",
      "integrity": "sha512-aieatcNeWIkd+r2CWNdmNLc8iBYbEDrBI8CBr5+xGD9OfNRL36DsDYgS17eNuBDLhF6la3NpJT6W+rVLsJxE5A=="
    }
  }
}
